<Solution>
  <Configurations>
    <Platform Name="Any CPU" />
    <Platform Name="x64" />
    <Platform Name="x86" />
  </Configurations>
  <Folder Name="/Solution Items/">
    <File Path="Directory.Build.props" />
    <File Path="Directory.Build.targets" />
    <File Path="Package.props" />
    <File Path="README.md" />
    <File Path="Version.props" />
  </Folder>
  <Project Path="src/TagBites.ComponentModel.Composition/TagBites.ComponentModel.Composition.csproj" />
  <Project Path="tests/TagBites.ComponentModel.Composition.Tests/TagBites.ComponentModel.Composition.Tests.csproj" />
  <Folder Name="/tests/Plugins/">
    <Project Path="tests/Plugins/TagBites.ComponentModel.Composition.Tests.Plugin/TagBites.ComponentModel.Composition.Tests.Plugin.csproj" />
    <Project Path="tests/Plugins/TagBites.ComponentModel.Composition.Tests.Plugin.Override/TagBites.ComponentModel.Composition.Tests.Plugin.Override.csproj" />
    <Project Path="tests/Plugins/TagBites.ComponentModel.Composition.Tests.Plugin.Remove/TagBites.ComponentModel.Composition.Tests.Plugin.Remove.csproj" />
  </Folder>
</Solution>
